// !$*UTF8*$!
{
	archiveVersion = 1;
	classes = {
	};
	objectVersion = 46;
	objects = {

/* Begin PBXBuildFile section */
		A7736A9E2206025100A28B5D /* AppDelegate.swift in Sources */ = {isa = PBXBuildFile; fileRef = A7736A9D2206025100A28B5D /* AppDelegate.swift */; };
		A7736AA02206025100A28B5D /* GameViewController.swift in Sources */ = {isa = PBXBuildFile; fileRef = A7736A9F2206025100A28B5D /* GameViewController.swift */; };
		A7736AA32206025100A28B5D /* Main.storyboard in Resources */ = {isa = PBXBuildFile; fileRef = A7736AA12206025100A28B5D /* Main.storyboard */; };
		A7736AA62206025100A28B5D /* LaunchScreen.storyboard in Resources */ = {isa = PBXBuildFile; fileRef = A7736AA42206025100A28B5D /* LaunchScreen.storyboard */; };
		A7736AAF2206025100A28B5D /* AppDelegate.swift in Sources */ = {isa = PBXBuildFile; fileRef = A7736AAE2206025100A28B5D /* AppDelegate.swift */; };
		A7736AB12206025100A28B5D /* GameViewController.swift in Sources */ = {isa = PBXBuildFile; fileRef = A7736AB02206025100A28B5D /* GameViewController.swift */; };
		A7736AB42206025100A28B5D /* Main.storyboard in Resources */ = {isa = PBXBuildFile; fileRef = A7736AB22206025100A28B5D /* Main.storyboard */; };
		A7736ABD2206025200A28B5D /* AppDelegate.swift in Sources */ = {isa = PBXBuildFile; fileRef = A7736ABC2206025200A28B5D /* AppDelegate.swift */; };
		A7736ABF2206025200A28B5D /* GameViewController.swift in Sources */ = {isa = PBXBuildFile; fileRef = A7736ABE2206025200A28B5D /* GameViewController.swift */; };
		A7736AC22206025200A28B5D /* Main.storyboard in Resources */ = {isa = PBXBuildFile; fileRef = A7736AC02206025200A28B5D /* Main.storyboard */; };
		A7A22859220604D500081E0E /* AdvertisingController.swift in Sources */ = {isa = PBXBuildFile; fileRef = A702E8BA22020ADE00EB13B8 /* AdvertisingController.swift */; };
		A7A2285A220604D500081E0E /* Advertising.swift in Sources */ = {isa = PBXBuildFile; fileRef = A702E8BC2202105900EB13B8 /* Advertising.swift */; };
		A7A2285B220604D500081E0E /* Advertising01.sks in Resources */ = {isa = PBXBuildFile; fileRef = A702E8B82202099800EB13B8 /* Advertising01.sks */; };
		A7A2285C220604D500081E0E /* AdvertisingController.swift in Sources */ = {isa = PBXBuildFile; fileRef = A702E8BA22020ADE00EB13B8 /* AdvertisingController.swift */; };
		A7A2285D220604D500081E0E /* Advertising.swift in Sources */ = {isa = PBXBuildFile; fileRef = A702E8BC2202105900EB13B8 /* Advertising.swift */; };
		A7A2285E220604D500081E0E /* Advertising01.sks in Resources */ = {isa = PBXBuildFile; fileRef = A702E8B82202099800EB13B8 /* Advertising01.sks */; };
		A7A2285F220604D600081E0E /* AdvertisingController.swift in Sources */ = {isa = PBXBuildFile; fileRef = A702E8BA22020ADE00EB13B8 /* AdvertisingController.swift */; };
		A7A22860220604D600081E0E /* Advertising.swift in Sources */ = {isa = PBXBuildFile; fileRef = A702E8BC2202105900EB13B8 /* Advertising.swift */; };
		A7A22861220604D600081E0E /* Advertising01.sks in Resources */ = {isa = PBXBuildFile; fileRef = A702E8B82202099800EB13B8 /* Advertising01.sks */; };
		A7A22862220604DB00081E0E /* MainGame.sks in Resources */ = {isa = PBXBuildFile; fileRef = A7797EEB20E2A89200E3B664 /* MainGame.sks */; };
		A7A22863220604DB00081E0E /* Tutorial.sks in Resources */ = {isa = PBXBuildFile; fileRef = A702E8C322021F0600EB13B8 /* Tutorial.sks */; };
		A7A22864220604DB00081E0E /* Main.sks in Resources */ = {isa = PBXBuildFile; fileRef = A7AE0674216248AA0009D905 /* Main.sks */; };
		A7A22865220604DB00081E0E /* Settings.sks in Resources */ = {isa = PBXBuildFile; fileRef = A71F2D9D2163A4BF00FAF0EB /* Settings.sks */; };
		A7A22866220604DB00081E0E /* MainGame.sks in Resources */ = {isa = PBXBuildFile; fileRef = A7797EEB20E2A89200E3B664 /* MainGame.sks */; };
		A7A22867220604DB00081E0E /* Tutorial.sks in Resources */ = {isa = PBXBuildFile; fileRef = A702E8C322021F0600EB13B8 /* Tutorial.sks */; };
		A7A22868220604DB00081E0E /* Main.sks in Resources */ = {isa = PBXBuildFile; fileRef = A7AE0674216248AA0009D905 /* Main.sks */; };
		A7A22869220604DB00081E0E /* Settings.sks in Resources */ = {isa = PBXBuildFile; fileRef = A71F2D9D2163A4BF00FAF0EB /* Settings.sks */; };
		A7A2286A220604DC00081E0E /* MainGame.sks in Resources */ = {isa = PBXBuildFile; fileRef = A7797EEB20E2A89200E3B664 /* MainGame.sks */; };
		A7A2286B220604DC00081E0E /* Tutorial.sks in Resources */ = {isa = PBXBuildFile; fileRef = A702E8C322021F0600EB13B8 /* Tutorial.sks */; };
		A7A2286C220604DC00081E0E /* Main.sks in Resources */ = {isa = PBXBuildFile; fileRef = A7AE0674216248AA0009D905 /* Main.sks */; };
		A7A2286D220604DC00081E0E /* Settings.sks in Resources */ = {isa = PBXBuildFile; fileRef = A71F2D9D2163A4BF00FAF0EB /* Settings.sks */; };
		A7A2286E220604E000081E0E /* Main.swift in Sources */ = {isa = PBXBuildFile; fileRef = A7AE06712162479C0009D905 /* Main.swift */; };
		A7A2286F220604E000081E0E /* Button.swift in Sources */ = {isa = PBXBuildFile; fileRef = A7AE067621624B500009D905 /* Button.swift */; };
		A7A22870220604E000081E0E /* Settings.swift in Sources */ = {isa = PBXBuildFile; fileRef = A71F2D9F2163A4D600FAF0EB /* Settings.swift */; };
		A7A22871220604E000081E0E /* Overlay.swift in Sources */ = {isa = PBXBuildFile; fileRef = A71E741221F9035900E7E193 /* Overlay.swift */; };
		A7A22872220604E000081E0E /* OverlayMain.swift in Sources */ = {isa = PBXBuildFile; fileRef = A71E741421F907BD00E7E193 /* OverlayMain.swift */; };
		A7A22873220604E100081E0E /* Main.swift in Sources */ = {isa = PBXBuildFile; fileRef = A7AE06712162479C0009D905 /* Main.swift */; };
		A7A22874220604E100081E0E /* Button.swift in Sources */ = {isa = PBXBuildFile; fileRef = A7AE067621624B500009D905 /* Button.swift */; };
		A7A22875220604E100081E0E /* Settings.swift in Sources */ = {isa = PBXBuildFile; fileRef = A71F2D9F2163A4D600FAF0EB /* Settings.swift */; };
		A7A22876220604E100081E0E /* Overlay.swift in Sources */ = {isa = PBXBuildFile; fileRef = A71E741221F9035900E7E193 /* Overlay.swift */; };
		A7A22877220604E100081E0E /* OverlayMain.swift in Sources */ = {isa = PBXBuildFile; fileRef = A71E741421F907BD00E7E193 /* OverlayMain.swift */; };
		A7A22878220604E100081E0E /* Main.swift in Sources */ = {isa = PBXBuildFile; fileRef = A7AE06712162479C0009D905 /* Main.swift */; };
		A7A22879220604E100081E0E /* Button.swift in Sources */ = {isa = PBXBuildFile; fileRef = A7AE067621624B500009D905 /* Button.swift */; };
		A7A2287A220604E100081E0E /* Settings.swift in Sources */ = {isa = PBXBuildFile; fileRef = A71F2D9F2163A4D600FAF0EB /* Settings.swift */; };
		A7A2287B220604E100081E0E /* Overlay.swift in Sources */ = {isa = PBXBuildFile; fileRef = A71E741221F9035900E7E193 /* Overlay.swift */; };
		A7A2287C220604E100081E0E /* OverlayMain.swift in Sources */ = {isa = PBXBuildFile; fileRef = A71E741421F907BD00E7E193 /* OverlayMain.swift */; };
		A7A2287D220604E700081E0E /* Game.swift in Sources */ = {isa = PBXBuildFile; fileRef = A7797EEF20E2A89200E3B664 /* Game.swift */; };
		A7A2287E220604E700081E0E /* MainGame.swift in Sources */ = {isa = PBXBuildFile; fileRef = A702E8BF22021E1700EB13B8 /* MainGame.swift */; };
		A7A2287F220604E700081E0E /* Tutorial.swift in Sources */ = {isa = PBXBuildFile; fileRef = A702E8C122021E1F00EB13B8 /* Tutorial.swift */; };
		A7A22880220604E700081E0E /* InfoBox.swift in Sources */ = {isa = PBXBuildFile; fileRef = A7736A902205D6B600A28B5D /* InfoBox.swift */; };
		A7A22881220604E700081E0E /* Player.swift in Sources */ = {isa = PBXBuildFile; fileRef = A7175FB220E2AA0300968329 /* Player.swift */; };
		A7A22882220604E700081E0E /* NodeCategories.swift in Sources */ = {isa = PBXBuildFile; fileRef = A7175FB620E2BD3A00968329 /* NodeCategories.swift */; };
		A7A22883220604E700081E0E /* NodeZOrder.swift in Sources */ = {isa = PBXBuildFile; fileRef = A71F2DA52164E1B100FAF0EB /* NodeZOrder.swift */; };
		A7A22884220604E700081E0E /* World.swift in Sources */ = {isa = PBXBuildFile; fileRef = A7175FB820E2C2ED00968329 /* World.swift */; };
		A7A22885220604E700081E0E /* Camera.swift in Sources */ = {isa = PBXBuildFile; fileRef = A7AE0667216239AF0009D905 /* Camera.swift */; };
		A7A22886220604E700081E0E /* OverlayGameOver.swift in Sources */ = {isa = PBXBuildFile; fileRef = A71F2DA12163A93700FAF0EB /* OverlayGameOver.swift */; };
		A7A22887220604E700081E0E /* OverlayPause.swift in Sources */ = {isa = PBXBuildFile; fileRef = A71F2DA32164D2D000FAF0EB /* OverlayPause.swift */; };
		A7A22888220604E700081E0E /* ScoreParticle.swift in Sources */ = {isa = PBXBuildFile; fileRef = A792AE0421652706004280A5 /* ScoreParticle.swift */; };
		A7A22889220604E700081E0E /* OverlayExtralife.swift in Sources */ = {isa = PBXBuildFile; fileRef = A7D4C8332201CEAA0060F352 /* OverlayExtralife.swift */; };
		A7A2288A220604E800081E0E /* Game.swift in Sources */ = {isa = PBXBuildFile; fileRef = A7797EEF20E2A89200E3B664 /* Game.swift */; };
		A7A2288B220604E800081E0E /* MainGame.swift in Sources */ = {isa = PBXBuildFile; fileRef = A702E8BF22021E1700EB13B8 /* MainGame.swift */; };
		A7A2288C220604E800081E0E /* Tutorial.swift in Sources */ = {isa = PBXBuildFile; fileRef = A702E8C122021E1F00EB13B8 /* Tutorial.swift */; };
		A7A2288D220604E800081E0E /* InfoBox.swift in Sources */ = {isa = PBXBuildFile; fileRef = A7736A902205D6B600A28B5D /* InfoBox.swift */; };
		A7A2288E220604E800081E0E /* Player.swift in Sources */ = {isa = PBXBuildFile; fileRef = A7175FB220E2AA0300968329 /* Player.swift */; };
		A7A2288F220604E800081E0E /* NodeCategories.swift in Sources */ = {isa = PBXBuildFile; fileRef = A7175FB620E2BD3A00968329 /* NodeCategories.swift */; };
		A7A22890220604E800081E0E /* NodeZOrder.swift in Sources */ = {isa = PBXBuildFile; fileRef = A71F2DA52164E1B100FAF0EB /* NodeZOrder.swift */; };
		A7A22891220604E800081E0E /* World.swift in Sources */ = {isa = PBXBuildFile; fileRef = A7175FB820E2C2ED00968329 /* World.swift */; };
		A7A22892220604E800081E0E /* Camera.swift in Sources */ = {isa = PBXBuildFile; fileRef = A7AE0667216239AF0009D905 /* Camera.swift */; };
		A7A22893220604E800081E0E /* OverlayGameOver.swift in Sources */ = {isa = PBXBuildFile; fileRef = A71F2DA12163A93700FAF0EB /* OverlayGameOver.swift */; };
		A7A22894220604E800081E0E /* OverlayPause.swift in Sources */ = {isa = PBXBuildFile; fileRef = A71F2DA32164D2D000FAF0EB /* OverlayPause.swift */; };
		A7A22895220604E800081E0E /* ScoreParticle.swift in Sources */ = {isa = PBXBuildFile; fileRef = A792AE0421652706004280A5 /* ScoreParticle.swift */; };
		A7A22896220604E800081E0E /* OverlayExtralife.swift in Sources */ = {isa = PBXBuildFile; fileRef = A7D4C8332201CEAA0060F352 /* OverlayExtralife.swift */; };
		A7A22897220604E800081E0E /* Game.swift in Sources */ = {isa = PBXBuildFile; fileRef = A7797EEF20E2A89200E3B664 /* Game.swift */; };
		A7A22898220604E800081E0E /* MainGame.swift in Sources */ = {isa = PBXBuildFile; fileRef = A702E8BF22021E1700EB13B8 /* MainGame.swift */; };
		A7A22899220604E800081E0E /* Tutorial.swift in Sources */ = {isa = PBXBuildFile; fileRef = A702E8C122021E1F00EB13B8 /* Tutorial.swift */; };
		A7A2289A220604E800081E0E /* InfoBox.swift in Sources */ = {isa = PBXBuildFile; fileRef = A7736A902205D6B600A28B5D /* InfoBox.swift */; };
		A7A2289B220604E800081E0E /* Player.swift in Sources */ = {isa = PBXBuildFile; fileRef = A7175FB220E2AA0300968329 /* Player.swift */; };
		A7A2289C220604E800081E0E /* NodeCategories.swift in Sources */ = {isa = PBXBuildFile; fileRef = A7175FB620E2BD3A00968329 /* NodeCategories.swift */; };
		A7A2289D220604E800081E0E /* NodeZOrder.swift in Sources */ = {isa = PBXBuildFile; fileRef = A71F2DA52164E1B100FAF0EB /* NodeZOrder.swift */; };
		A7A2289E220604E800081E0E /* World.swift in Sources */ = {isa = PBXBuildFile; fileRef = A7175FB820E2C2ED00968329 /* World.swift */; };
		A7A2289F220604E800081E0E /* Camera.swift in Sources */ = {isa = PBXBuildFile; fileRef = A7AE0667216239AF0009D905 /* Camera.swift */; };
		A7A228A0220604E800081E0E /* OverlayGameOver.swift in Sources */ = {isa = PBXBuildFile; fileRef = A71F2DA12163A93700FAF0EB /* OverlayGameOver.swift */; };
		A7A228A1220604E800081E0E /* OverlayPause.swift in Sources */ = {isa = PBXBuildFile; fileRef = A71F2DA32164D2D000FAF0EB /* OverlayPause.swift */; };
		A7A228A2220604E800081E0E /* ScoreParticle.swift in Sources */ = {isa = PBXBuildFile; fileRef = A792AE0421652706004280A5 /* ScoreParticle.swift */; };
		A7A228A3220604E800081E0E /* OverlayExtralife.swift in Sources */ = {isa = PBXBuildFile; fileRef = A7D4C8332201CEAA0060F352 /* OverlayExtralife.swift */; };
		A7A228A4220604EE00081E0E /* Platform.swift in Sources */ = {isa = PBXBuildFile; fileRef = A7175FB420E2B4DA00968329 /* Platform.swift */; };
		A7A228A5220604EE00081E0E /* PlatformEndLevel.swift in Sources */ = {isa = PBXBuildFile; fileRef = A71A5199215E907300E7CDDB /* PlatformEndLevel.swift */; };
		A7A228A6220604EE00081E0E /* Coin.swift in Sources */ = {isa = PBXBuildFile; fileRef = A7D4C82F2201BB9E0060F352 /* Coin.swift */; };
		A7A228A7220604EF00081E0E /* Platform.swift in Sources */ = {isa = PBXBuildFile; fileRef = A7175FB420E2B4DA00968329 /* Platform.swift */; };
		A7A228A8220604EF00081E0E /* PlatformEndLevel.swift in Sources */ = {isa = PBXBuildFile; fileRef = A71A5199215E907300E7CDDB /* PlatformEndLevel.swift */; };
		A7A228A9220604EF00081E0E /* Coin.swift in Sources */ = {isa = PBXBuildFile; fileRef = A7D4C82F2201BB9E0060F352 /* Coin.swift */; };
		A7A228AA220604EF00081E0E /* Platform.swift in Sources */ = {isa = PBXBuildFile; fileRef = A7175FB420E2B4DA00968329 /* Platform.swift */; };
		A7A228AB220604EF00081E0E /* PlatformEndLevel.swift in Sources */ = {isa = PBXBuildFile; fileRef = A71A5199215E907300E7CDDB /* PlatformEndLevel.swift */; };
		A7A228AC220604EF00081E0E /* Coin.swift in Sources */ = {isa = PBXBuildFile; fileRef = A7D4C82F2201BB9E0060F352 /* Coin.swift */; };
		A7A228AD220604F600081E0E /* Level.swift in Sources */ = {isa = PBXBuildFile; fileRef = A71A518D215A6A0600E7CDDB /* Level.swift */; };
		A7A228AE220604F600081E0E /* Level01.swift in Sources */ = {isa = PBXBuildFile; fileRef = A71A5190215A6AC200E7CDDB /* Level01.swift */; };
		A7A228AF220604F600081E0E /* Level02.swift in Sources */ = {isa = PBXBuildFile; fileRef = A71A5192215A6B0400E7CDDB /* Level02.swift */; };
		A7A228B0220604F600081E0E /* Level03.swift in Sources */ = {isa = PBXBuildFile; fileRef = A71A5194215E41F000E7CDDB /* Level03.swift */; };
		A7A228B1220604F600081E0E /* Level04.swift in Sources */ = {isa = PBXBuildFile; fileRef = A71A5196215E41FD00E7CDDB /* Level04.swift */; };
		A7A228B2220604F600081E0E /* Level05.swift in Sources */ = {isa = PBXBuildFile; fileRef = A7AE066D216243FE0009D905 /* Level05.swift */; };
		A7A228B3220604F600081E0E /* Level06.swift in Sources */ = {isa = PBXBuildFile; fileRef = A7AE0669216243D70009D905 /* Level06.swift */; };
		A7A228B4220604F600081E0E /* Level07.swift in Sources */ = {isa = PBXBuildFile; fileRef = A7AE066B216243E40009D905 /* Level07.swift */; };
		A7A228B5220604F600081E0E /* Level08.swift in Sources */ = {isa = PBXBuildFile; fileRef = A71F2D9B2163956D00FAF0EB /* Level08.swift */; };
		A7A228B6220604F700081E0E /* Level.swift in Sources */ = {isa = PBXBuildFile; fileRef = A71A518D215A6A0600E7CDDB /* Level.swift */; };
		A7A228B7220604F700081E0E /* Level01.swift in Sources */ = {isa = PBXBuildFile; fileRef = A71A5190215A6AC200E7CDDB /* Level01.swift */; };
		A7A228B8220604F700081E0E /* Level02.swift in Sources */ = {isa = PBXBuildFile; fileRef = A71A5192215A6B0400E7CDDB /* Level02.swift */; };
		A7A228B9220604F700081E0E /* Level03.swift in Sources */ = {isa = PBXBuildFile; fileRef = A71A5194215E41F000E7CDDB /* Level03.swift */; };
		A7A228BA220604F700081E0E /* Level04.swift in Sources */ = {isa = PBXBuildFile; fileRef = A71A5196215E41FD00E7CDDB /* Level04.swift */; };
		A7A228BB220604F700081E0E /* Level05.swift in Sources */ = {isa = PBXBuildFile; fileRef = A7AE066D216243FE0009D905 /* Level05.swift */; };
		A7A228BC220604F700081E0E /* Level06.swift in Sources */ = {isa = PBXBuildFile; fileRef = A7AE0669216243D70009D905 /* Level06.swift */; };
		A7A228BD220604F700081E0E /* Level07.swift in Sources */ = {isa = PBXBuildFile; fileRef = A7AE066B216243E40009D905 /* Level07.swift */; };
		A7A228BE220604F700081E0E /* Level08.swift in Sources */ = {isa = PBXBuildFile; fileRef = A71F2D9B2163956D00FAF0EB /* Level08.swift */; };
		A7A228BF220604F700081E0E /* Level.swift in Sources */ = {isa = PBXBuildFile; fileRef = A71A518D215A6A0600E7CDDB /* Level.swift */; };
		A7A228C0220604F700081E0E /* Level01.swift in Sources */ = {isa = PBXBuildFile; fileRef = A71A5190215A6AC200E7CDDB /* Level01.swift */; };
		A7A228C1220604F700081E0E /* Level02.swift in Sources */ = {isa = PBXBuildFile; fileRef = A71A5192215A6B0400E7CDDB /* Level02.swift */; };
		A7A228C2220604F700081E0E /* Level03.swift in Sources */ = {isa = PBXBuildFile; fileRef = A71A5194215E41F000E7CDDB /* Level03.swift */; };
		A7A228C3220604F700081E0E /* Level04.swift in Sources */ = {isa = PBXBuildFile; fileRef = A71A5196215E41FD00E7CDDB /* Level04.swift */; };
		A7A228C4220604F700081E0E /* Level05.swift in Sources */ = {isa = PBXBuildFile; fileRef = A7AE066D216243FE0009D905 /* Level05.swift */; };
		A7A228C5220604F700081E0E /* Level06.swift in Sources */ = {isa = PBXBuildFile; fileRef = A7AE0669216243D70009D905 /* Level06.swift */; };
		A7A228C6220604F700081E0E /* Level07.swift in Sources */ = {isa = PBXBuildFile; fileRef = A7AE066B216243E40009D905 /* Level07.swift */; };
		A7A228C7220604F700081E0E /* Level08.swift in Sources */ = {isa = PBXBuildFile; fileRef = A71F2D9B2163956D00FAF0EB /* Level08.swift */; };
		A7A228C82206050E00081E0E /* Assets.xcassets in Resources */ = {isa = PBXBuildFile; fileRef = A7797EF620E2A89200E3B664 /* Assets.xcassets */; };
		A7A228CA2206050E00081E0E /* SpriteNodeExtensions.swift in Sources */ = {isa = PBXBuildFile; fileRef = A71F2DA72164ED4500FAF0EB /* SpriteNodeExtensions.swift */; };
		A7A228CB2206050E00081E0E /* ScoreParticle.sks in Resources */ = {isa = PBXBuildFile; fileRef = A792AE06216538DC004280A5 /* ScoreParticle.sks */; };
		A7A228CC2206050E00081E0E /* Config.swift in Sources */ = {isa = PBXBuildFile; fileRef = A7D4C8312201C8C80060F352 /* Config.swift */; };
		A7A228CD2206050E00081E0E /* Assets.xcassets in Resources */ = {isa = PBXBuildFile; fileRef = A7797EF620E2A89200E3B664 /* Assets.xcassets */; };
		A7A228CF2206050E00081E0E /* SpriteNodeExtensions.swift in Sources */ = {isa = PBXBuildFile; fileRef = A71F2DA72164ED4500FAF0EB /* SpriteNodeExtensions.swift */; };
		A7A228D02206050E00081E0E /* ScoreParticle.sks in Resources */ = {isa = PBXBuildFile; fileRef = A792AE06216538DC004280A5 /* ScoreParticle.sks */; };
		A7A228D12206050E00081E0E /* Config.swift in Sources */ = {isa = PBXBuildFile; fileRef = A7D4C8312201C8C80060F352 /* Config.swift */; };
		A7A228D22206050E00081E0E /* Assets.xcassets in Resources */ = {isa = PBXBuildFile; fileRef = A7797EF620E2A89200E3B664 /* Assets.xcassets */; };
		A7A228D42206050E00081E0E /* SpriteNodeExtensions.swift in Sources */ = {isa = PBXBuildFile; fileRef = A71F2DA72164ED4500FAF0EB /* SpriteNodeExtensions.swift */; };
		A7A228D52206050E00081E0E /* ScoreParticle.sks in Resources */ = {isa = PBXBuildFile; fileRef = A792AE06216538DC004280A5 /* ScoreParticle.sks */; };
		A7A228D62206050E00081E0E /* Config.swift in Sources */ = {isa = PBXBuildFile; fileRef = A7D4C8312201C8C80060F352 /* Config.swift */; };
/* End PBXBuildFile section */

/* Begin PBXFileReference section */
		A702E8B82202099800EB13B8 /* Advertising01.sks */ = {isa = PBXFileReference; lastKnownFileType = file.sks; path = Advertising01.sks; sourceTree = "<group>"; };
		A702E8BA22020ADE00EB13B8 /* AdvertisingController.swift */ = {isa = PBXFileReference; lastKnownFileType = sourcecode.swift; path = AdvertisingController.swift; sourceTree = "<group>"; };
		A702E8BC2202105900EB13B8 /* Advertising.swift */ = {isa = PBXFileReference; lastKnownFileType = sourcecode.swift; path = Advertising.swift; sourceTree = "<group>"; };
		A702E8BF22021E1700EB13B8 /* MainGame.swift */ = {isa = PBXFileReference; lastKnownFileType = sourcecode.swift; path = MainGame.swift; sourceTree = "<group>"; };
		A702E8C122021E1F00EB13B8 /* Tutorial.swift */ = {isa = PBXFileReference; lastKnownFileType = sourcecode.swift; path = Tutorial.swift; sourceTree = "<group>"; };
		A702E8C322021F0600EB13B8 /* Tutorial.sks */ = {isa = PBXFileReference; lastKnownFileType = file.sks; path = Tutorial.sks; sourceTree = "<group>"; };
		A7175FB220E2AA0300968329 /* Player.swift */ = {isa = PBXFileReference; fileEncoding = 4; lastKnownFileType = sourcecode.swift; path = Player.swift; sourceTree = "<group>"; };
		A7175FB420E2B4DA00968329 /* Platform.swift */ = {isa = PBXFileReference; fileEncoding = 4; lastKnownFileType = sourcecode.swift; path = Platform.swift; sourceTree = "<group>"; };
		A7175FB620E2BD3A00968329 /* NodeCategories.swift */ = {isa = PBXFileReference; fileEncoding = 4; lastKnownFileType = sourcecode.swift; path = NodeCategories.swift; sourceTree = "<group>"; };
		A7175FB820E2C2ED00968329 /* World.swift */ = {isa = PBXFileReference; fileEncoding = 4; lastKnownFileType = sourcecode.swift; path = World.swift; sourceTree = "<group>"; };
		A71A518D215A6A0600E7CDDB /* Level.swift */ = {isa = PBXFileReference; lastKnownFileType = sourcecode.swift; path = Level.swift; sourceTree = "<group>"; };
		A71A5190215A6AC200E7CDDB /* Level01.swift */ = {isa = PBXFileReference; lastKnownFileType = sourcecode.swift; path = Level01.swift; sourceTree = "<group>"; };
		A71A5192215A6B0400E7CDDB /* Level02.swift */ = {isa = PBXFileReference; lastKnownFileType = sourcecode.swift; path = Level02.swift; sourceTree = "<group>"; };
		A71A5194215E41F000E7CDDB /* Level03.swift */ = {isa = PBXFileReference; lastKnownFileType = sourcecode.swift; path = Level03.swift; sourceTree = "<group>"; };
		A71A5196215E41FD00E7CDDB /* Level04.swift */ = {isa = PBXFileReference; lastKnownFileType = sourcecode.swift; path = Level04.swift; sourceTree = "<group>"; };
		A71A5199215E907300E7CDDB /* PlatformEndLevel.swift */ = {isa = PBXFileReference; lastKnownFileType = sourcecode.swift; path = PlatformEndLevel.swift; sourceTree = "<group>"; };
		A71E741221F9035900E7E193 /* Overlay.swift */ = {isa = PBXFileReference; lastKnownFileType = sourcecode.swift; path = Overlay.swift; sourceTree = "<group>"; };
		A71E741421F907BD00E7E193 /* OverlayMain.swift */ = {isa = PBXFileReference; lastKnownFileType = sourcecode.swift; path = OverlayMain.swift; sourceTree = "<group>"; };
		A71F2D9B2163956D00FAF0EB /* Level08.swift */ = {isa = PBXFileReference; lastKnownFileType = sourcecode.swift; path = Level08.swift; sourceTree = "<group>"; };
		A71F2D9D2163A4BF00FAF0EB /* Settings.sks */ = {isa = PBXFileReference; lastKnownFileType = file.sks; path = Settings.sks; sourceTree = "<group>"; };
		A71F2D9F2163A4D600FAF0EB /* Settings.swift */ = {isa = PBXFileReference; lastKnownFileType = sourcecode.swift; path = Settings.swift; sourceTree = "<group>"; };
		A71F2DA12163A93700FAF0EB /* OverlayGameOver.swift */ = {isa = PBXFileReference; lastKnownFileType = sourcecode.swift; path = OverlayGameOver.swift; sourceTree = "<group>"; };
		A71F2DA32164D2D000FAF0EB /* OverlayPause.swift */ = {isa = PBXFileReference; lastKnownFileType = sourcecode.swift; path = OverlayPause.swift; sourceTree = "<group>"; };
		A71F2DA52164E1B100FAF0EB /* NodeZOrder.swift */ = {isa = PBXFileReference; lastKnownFileType = sourcecode.swift; path = NodeZOrder.swift; sourceTree = "<group>"; };
		A71F2DA72164ED4500FAF0EB /* SpriteNodeExtensions.swift */ = {isa = PBXFileReference; lastKnownFileType = sourcecode.swift; path = SpriteNodeExtensions.swift; sourceTree = "<group>"; };
		A7736A902205D6B600A28B5D /* InfoBox.swift */ = {isa = PBXFileReference; lastKnownFileType = sourcecode.swift; path = InfoBox.swift; sourceTree = "<group>"; };
		A7736A9B2206025100A28B5D /* TowerJump.app */ = {isa = PBXFileReference; explicitFileType = wrapper.application; includeInIndex = 0; path = TowerJump.app; sourceTree = BUILT_PRODUCTS_DIR; };
		A7736A9D2206025100A28B5D /* AppDelegate.swift */ = {isa = PBXFileReference; lastKnownFileType = sourcecode.swift; path = AppDelegate.swift; sourceTree = "<group>"; };
		A7736A9F2206025100A28B5D /* GameViewController.swift */ = {isa = PBXFileReference; lastKnownFileType = sourcecode.swift; path = GameViewController.swift; sourceTree = "<group>"; };
		A7736AA22206025100A28B5D /* Base */ = {isa = PBXFileReference; lastKnownFileType = file.storyboard; name = Base; path = Base.lproj/Main.storyboard; sourceTree = "<group>"; };
		A7736AA52206025100A28B5D /* Base */ = {isa = PBXFileReference; lastKnownFileType = file.storyboard; name = Base; path = Base.lproj/LaunchScreen.storyboard; sourceTree = "<group>"; };
		A7736AA72206025100A28B5D /* Info.plist */ = {isa = PBXFileReference; lastKnownFileType = text.plist.xml; path = Info.plist; sourceTree = "<group>"; };
		A7736AAC2206025100A28B5D /* TowerJump.app */ = {isa = PBXFileReference; explicitFileType = wrapper.application; includeInIndex = 0; path = TowerJump.app; sourceTree = BUILT_PRODUCTS_DIR; };
		A7736AAE2206025100A28B5D /* AppDelegate.swift */ = {isa = PBXFileReference; lastKnownFileType = sourcecode.swift; path = AppDelegate.swift; sourceTree = "<group>"; };
		A7736AB02206025100A28B5D /* GameViewController.swift */ = {isa = PBXFileReference; lastKnownFileType = sourcecode.swift; path = GameViewController.swift; sourceTree = "<group>"; };
		A7736AB32206025100A28B5D /* Base */ = {isa = PBXFileReference; lastKnownFileType = file.storyboard; name = Base; path = Base.lproj/Main.storyboard; sourceTree = "<group>"; };
		A7736AB52206025100A28B5D /* Info.plist */ = {isa = PBXFileReference; lastKnownFileType = text.plist.xml; path = Info.plist; sourceTree = "<group>"; };
		A7736ABA2206025100A28B5D /* TowerJump.app */ = {isa = PBXFileReference; explicitFileType = wrapper.application; includeInIndex = 0; path = TowerJump.app; sourceTree = BUILT_PRODUCTS_DIR; };
		A7736ABC2206025200A28B5D /* AppDelegate.swift */ = {isa = PBXFileReference; lastKnownFileType = sourcecode.swift; path = AppDelegate.swift; sourceTree = "<group>"; };
		A7736ABE2206025200A28B5D /* GameViewController.swift */ = {isa = PBXFileReference; lastKnownFileType = sourcecode.swift; path = GameViewController.swift; sourceTree = "<group>"; };
		A7736AC12206025200A28B5D /* Base */ = {isa = PBXFileReference; lastKnownFileType = file.storyboard; name = Base; path = Base.lproj/Main.storyboard; sourceTree = "<group>"; };
		A7736AC32206025200A28B5D /* Info.plist */ = {isa = PBXFileReference; lastKnownFileType = text.plist.xml; path = Info.plist; sourceTree = "<group>"; };
		A7797EEB20E2A89200E3B664 /* MainGame.sks */ = {isa = PBXFileReference; lastKnownFileType = file.sks; path = MainGame.sks; sourceTree = "<group>"; };
		A7797EEF20E2A89200E3B664 /* Game.swift */ = {isa = PBXFileReference; lastKnownFileType = sourcecode.swift; path = Game.swift; sourceTree = "<group>"; };
		A7797EF620E2A89200E3B664 /* Assets.xcassets */ = {isa = PBXFileReference; lastKnownFileType = folder.assetcatalog; path = Assets.xcassets; sourceTree = "<group>"; };
		A7797EFB20E2A89200E3B664 /* Info.plist */ = {isa = PBXFileReference; lastKnownFileType = text.plist.xml; path = Info.plist; sourceTree = "<group>"; };
		A792AE0421652706004280A5 /* ScoreParticle.swift */ = {isa = PBXFileReference; lastKnownFileType = sourcecode.swift; path = ScoreParticle.swift; sourceTree = "<group>"; };
		A792AE06216538DC004280A5 /* ScoreParticle.sks */ = {isa = PBXFileReference; lastKnownFileType = file.sks; path = ScoreParticle.sks; sourceTree = "<group>"; };
		A7AE0667216239AF0009D905 /* Camera.swift */ = {isa = PBXFileReference; lastKnownFileType = sourcecode.swift; path = Camera.swift; sourceTree = "<group>"; };
		A7AE0669216243D70009D905 /* Level06.swift */ = {isa = PBXFileReference; lastKnownFileType = sourcecode.swift; path = Level06.swift; sourceTree = "<group>"; };
		A7AE066B216243E40009D905 /* Level07.swift */ = {isa = PBXFileReference; lastKnownFileType = sourcecode.swift; path = Level07.swift; sourceTree = "<group>"; };
		A7AE066D216243FE0009D905 /* Level05.swift */ = {isa = PBXFileReference; lastKnownFileType = sourcecode.swift; path = Level05.swift; sourceTree = "<group>"; };
		A7AE06712162479C0009D905 /* Main.swift */ = {isa = PBXFileReference; lastKnownFileType = sourcecode.swift; path = Main.swift; sourceTree = "<group>"; };
		A7AE0674216248AA0009D905 /* Main.sks */ = {isa = PBXFileReference; lastKnownFileType = file.sks; path = Main.sks; sourceTree = "<group>"; };
		A7AE067621624B500009D905 /* Button.swift */ = {isa = PBXFileReference; lastKnownFileType = sourcecode.swift; path = Button.swift; sourceTree = "<group>"; };
		A7D4C82F2201BB9E0060F352 /* Coin.swift */ = {isa = PBXFileReference; lastKnownFileType = sourcecode.swift; path = Coin.swift; sourceTree = "<group>"; };
		A7D4C8312201C8C80060F352 /* Config.swift */ = {isa = PBXFileReference; lastKnownFileType = sourcecode.swift; path = Config.swift; sourceTree = "<group>"; };
		A7D4C8332201CEAA0060F352 /* OverlayExtralife.swift */ = {isa = PBXFileReference; lastKnownFileType = sourcecode.swift; path = OverlayExtralife.swift; sourceTree = "<group>"; };
/* End PBXFileReference section */

/* Begin PBXFrameworksBuildPhase section */
		A7736A982206025100A28B5D /* Frameworks */ = {
			isa = PBXFrameworksBuildPhase;
			buildActionMask = 2147483647;
			files = (
			);
			runOnlyForDeploymentPostprocessing = 0;
		};
		A7736AA92206025100A28B5D /* Frameworks */ = {
			isa = PBXFrameworksBuildPhase;
			buildActionMask = 2147483647;
			files = (
			);
			runOnlyForDeploymentPostprocessing = 0;
		};
		A7736AB72206025100A28B5D /* Frameworks */ = {
			isa = PBXFrameworksBuildPhase;
			buildActionMask = 2147483647;
			files = (
			);
			runOnlyForDeploymentPostprocessing = 0;
		};
/* End PBXFrameworksBuildPhase section */

/* Begin PBXGroup section */
		A702E8B72202088300EB13B8 /* Advertising */ = {
			isa = PBXGroup;
			children = (
				A702E8BA22020ADE00EB13B8 /* AdvertisingController.swift */,
				A702E8BC2202105900EB13B8 /* Advertising.swift */,
				A702E8B82202099800EB13B8 /* Advertising01.sks */,
			);
			path = Advertising;
			sourceTree = "<group>";
		};
		A702E8BE22021DF200EB13B8 /* Modes */ = {
			isa = PBXGroup;
			children = (
				A7797EEF20E2A89200E3B664 /* Game.swift */,
				A702E8BF22021E1700EB13B8 /* MainGame.swift */,
				A702E8C122021E1F00EB13B8 /* Tutorial.swift */,
				A7736A902205D6B600A28B5D /* InfoBox.swift */,
			);
			path = Modes;
			sourceTree = "<group>";
		};
		A7175FAF20E2A90000968329 /* Frameworks */ = {
			isa = PBXGroup;
			children = (
			);
			name = Frameworks;
			sourceTree = "<group>";
		};
		A71A518F215A6A9A00E7CDDB /* Levels */ = {
			isa = PBXGroup;
			children = (
				A71A518D215A6A0600E7CDDB /* Level.swift */,
				A71A5190215A6AC200E7CDDB /* Level01.swift */,
				A71A5192215A6B0400E7CDDB /* Level02.swift */,
				A71A5194215E41F000E7CDDB /* Level03.swift */,
				A71A5196215E41FD00E7CDDB /* Level04.swift */,
				A7AE066D216243FE0009D905 /* Level05.swift */,
				A7AE0669216243D70009D905 /* Level06.swift */,
				A7AE066B216243E40009D905 /* Level07.swift */,
				A71F2D9B2163956D00FAF0EB /* Level08.swift */,
			);
			path = Levels;
			sourceTree = "<group>";
		};
		A71A5198215E8FB400E7CDDB /* Platforms */ = {
			isa = PBXGroup;
			children = (
				A7175FB420E2B4DA00968329 /* Platform.swift */,
				A71A5199215E907300E7CDDB /* PlatformEndLevel.swift */,
				A7D4C82F2201BB9E0060F352 /* Coin.swift */,
			);
			path = Platforms;
			sourceTree = "<group>";
		};
		A7736A9C2206025100A28B5D /* TowerJump iOS */ = {
			isa = PBXGroup;
			children = (
				A7736A9D2206025100A28B5D /* AppDelegate.swift */,
				A7736A9F2206025100A28B5D /* GameViewController.swift */,
				A7736AA12206025100A28B5D /* Main.storyboard */,
				A7736AA42206025100A28B5D /* LaunchScreen.storyboard */,
				A7736AA72206025100A28B5D /* Info.plist */,
			);
			path = "TowerJump iOS";
			sourceTree = "<group>";
		};
		A7736AAD2206025100A28B5D /* TowerJump tvOS */ = {
			isa = PBXGroup;
			children = (
				A7736AAE2206025100A28B5D /* AppDelegate.swift */,
				A7736AB02206025100A28B5D /* GameViewController.swift */,
				A7736AB22206025100A28B5D /* Main.storyboard */,
				A7736AB52206025100A28B5D /* Info.plist */,
			);
			path = "TowerJump tvOS";
			sourceTree = "<group>";
		};
		A7736ABB2206025100A28B5D /* TowerJump macOS */ = {
			isa = PBXGroup;
			children = (
				A7736ABC2206025200A28B5D /* AppDelegate.swift */,
				A7736ABE2206025200A28B5D /* GameViewController.swift */,
				A7736AC02206025200A28B5D /* Main.storyboard */,
				A7736AC32206025200A28B5D /* Info.plist */,
			);
			path = "TowerJump macOS";
			sourceTree = "<group>";
		};
		A7797EDD20E2A89200E3B664 = {
			isa = PBXGroup;
			children = (
				A7797EE820E2A89200E3B664 /* TowerJump */,
				A7736A9C2206025100A28B5D /* TowerJump iOS */,
				A7736AAD2206025100A28B5D /* TowerJump tvOS */,
				A7736ABB2206025100A28B5D /* TowerJump macOS */,
				A7797EE720E2A89200E3B664 /* Products */,
				A7175FAF20E2A90000968329 /* Frameworks */,
			);
			sourceTree = "<group>";
		};
		A7797EE720E2A89200E3B664 /* Products */ = {
			isa = PBXGroup;
			children = (
				A7736A9B2206025100A28B5D /* TowerJump.app */,
				A7736AAC2206025100A28B5D /* TowerJump.app */,
				A7736ABA2206025100A28B5D /* TowerJump.app */,
			);
			name = Products;
			sourceTree = "<group>";
		};
		A7797EE820E2A89200E3B664 /* TowerJump */ = {
			isa = PBXGroup;
			children = (
				A702E8B72202088300EB13B8 /* Advertising */,
				A7AE06732162488A0009D905 /* Scenes */,
				A7AE06702162478B0009D905 /* Menu */,
				A7AE066F216247660009D905 /* Game */,
				A71A5198215E8FB400E7CDDB /* Platforms */,
				A71A518F215A6A9A00E7CDDB /* Levels */,
				A7797EF620E2A89200E3B664 /* Assets.xcassets */,
				A7797EFB20E2A89200E3B664 /* Info.plist */,
				A71F2DA72164ED4500FAF0EB /* SpriteNodeExtensions.swift */,
				A792AE06216538DC004280A5 /* ScoreParticle.sks */,
				A7D4C8312201C8C80060F352 /* Config.swift */,
			);
			path = TowerJump;
			sourceTree = "<group>";
		};
		A7AE066F216247660009D905 /* Game */ = {
			isa = PBXGroup;
			children = (
				A702E8BE22021DF200EB13B8 /* Modes */,
				A7175FB220E2AA0300968329 /* Player.swift */,
				A7175FB620E2BD3A00968329 /* NodeCategories.swift */,
				A71F2DA52164E1B100FAF0EB /* NodeZOrder.swift */,
				A7175FB820E2C2ED00968329 /* World.swift */,
				A7AE0667216239AF0009D905 /* Camera.swift */,
				A71F2DA12163A93700FAF0EB /* OverlayGameOver.swift */,
				A71F2DA32164D2D000FAF0EB /* OverlayPause.swift */,
				A792AE0421652706004280A5 /* ScoreParticle.swift */,
				A7D4C8332201CEAA0060F352 /* OverlayExtralife.swift */,
			);
			path = Game;
			sourceTree = "<group>";
		};
		A7AE06702162478B0009D905 /* Menu */ = {
			isa = PBXGroup;
			children = (
				A7AE06712162479C0009D905 /* Main.swift */,
				A7AE067621624B500009D905 /* Button.swift */,
				A71F2D9F2163A4D600FAF0EB /* Settings.swift */,
				A71E741221F9035900E7E193 /* Overlay.swift */,
				A71E741421F907BD00E7E193 /* OverlayMain.swift */,
			);
			path = Menu;
			sourceTree = "<group>";
		};
		A7AE06732162488A0009D905 /* Scenes */ = {
			isa = PBXGroup;
			children = (
				A7797EEB20E2A89200E3B664 /* MainGame.sks */,
				A702E8C322021F0600EB13B8 /* Tutorial.sks */,
				A7AE0674216248AA0009D905 /* Main.sks */,
				A71F2D9D2163A4BF00FAF0EB /* Settings.sks */,
			);
			path = Scenes;
			sourceTree = "<group>";
		};
/* End PBXGroup section */

/* Begin PBXNativeTarget section */
		A7736A9A2206025100A28B5D /* TowerJump iOS */ = {
			isa = PBXNativeTarget;
			buildConfigurationList = A7736AD02206025200A28B5D /* Build configuration list for PBXNativeTarget "TowerJump iOS" */;
			buildPhases = (
				A7736A972206025100A28B5D /* Sources */,
				A7736A982206025100A28B5D /* Frameworks */,
				A7736A992206025100A28B5D /* Resources */,
			);
			buildRules = (
			);
			dependencies = (
			);
			name = "TowerJump iOS";
			productName = "TowerJump iOS";
			productReference = A7736A9B2206025100A28B5D /* TowerJump.app */;
			productType = "com.apple.product-type.application";
		};
		A7736AAB2206025100A28B5D /* TowerJump tvOS */ = {
			isa = PBXNativeTarget;
			buildConfigurationList = A7736AD32206025200A28B5D /* Build configuration list for PBXNativeTarget "TowerJump tvOS" */;
			buildPhases = (
				A7736AA82206025100A28B5D /* Sources */,
				A7736AA92206025100A28B5D /* Frameworks */,
				A7736AAA2206025100A28B5D /* Resources */,
			);
			buildRules = (
			);
			dependencies = (
			);
			name = "TowerJump tvOS";
			productName = "TowerJump tvOS";
			productReference = A7736AAC2206025100A28B5D /* TowerJump.app */;
			productType = "com.apple.product-type.application";
		};
		A7736AB92206025100A28B5D /* TowerJump macOS */ = {
			isa = PBXNativeTarget;
			buildConfigurationList = A7736AD62206025200A28B5D /* Build configuration list for PBXNativeTarget "TowerJump macOS" */;
			buildPhases = (
				A7736AB62206025100A28B5D /* Sources */,
				A7736AB72206025100A28B5D /* Frameworks */,
				A7736AB82206025100A28B5D /* Resources */,
			);
			buildRules = (
			);
			dependencies = (
			);
			name = "TowerJump macOS";
			productName = "TowerJump macOS";
			productReference = A7736ABA2206025100A28B5D /* TowerJump.app */;
			productType = "com.apple.product-type.application";
		};
/* End PBXNativeTarget section */

/* Begin PBXProject section */
		A7797EDE20E2A89200E3B664 /* Project object */ = {
			isa = PBXProject;
			attributes = {
				LastSwiftUpdateCheck = 1010;
				LastUpgradeCheck = 1010;
				ORGANIZATIONNAME = "Oliver Brehm";
				TargetAttributes = {
					A7736A9A2206025100A28B5D = {
						CreatedOnToolsVersion = 10.1;
						DevelopmentTeam = CR6FRMMTU7;
						ProvisioningStyle = Automatic;
					};
					A7736AAB2206025100A28B5D = {
						CreatedOnToolsVersion = 10.1;
						DevelopmentTeam = CR6FRMMTU7;
						ProvisioningStyle = Automatic;
					};
					A7736AB92206025100A28B5D = {
						CreatedOnToolsVersion = 10.1;
						DevelopmentTeam = CR6FRMMTU7;
						ProvisioningStyle = Automatic;
					};
				};
			};
			buildConfigurationList = A7797EE120E2A89200E3B664 /* Build configuration list for PBXProject "TowerJump" */;
			compatibilityVersion = "Xcode 3.2";
			developmentRegion = English;
			hasScannedForEncodings = 0;
			knownRegions = (
				en,
				Base,
			);
			mainGroup = A7797EDD20E2A89200E3B664;
			productRefGroup = A7797EE720E2A89200E3B664 /* Products */;
			projectDirPath = "";
			projectRoot = "";
			targets = (
				A7736A9A2206025100A28B5D /* TowerJump iOS */,
				A7736AAB2206025100A28B5D /* TowerJump tvOS */,
				A7736AB92206025100A28B5D /* TowerJump macOS */,
			);
		};
/* End PBXProject section */

/* Begin PBXResourcesBuildPhase section */
		A7736A992206025100A28B5D /* Resources */ = {
			isa = PBXResourcesBuildPhase;
			buildActionMask = 2147483647;
			files = (
				A7A22864220604DB00081E0E /* Main.sks in Resources */,
				A7A22863220604DB00081E0E /* Tutorial.sks in Resources */,
				A7A228CB2206050E00081E0E /* ScoreParticle.sks in Resources */,
				A7A2285B220604D500081E0E /* Advertising01.sks in Resources */,
				A7736AA32206025100A28B5D /* Main.storyboard in Resources */,
				A7A22865220604DB00081E0E /* Settings.sks in Resources */,
				A7A22862220604DB00081E0E /* MainGame.sks in Resources */,
				A7A228C82206050E00081E0E /* Assets.xcassets in Resources */,
				A7736AA62206025100A28B5D /* LaunchScreen.storyboard in Resources */,
			);
			runOnlyForDeploymentPostprocessing = 0;
		};
		A7736AAA2206025100A28B5D /* Resources */ = {
			isa = PBXResourcesBuildPhase;
			buildActionMask = 2147483647;
			files = (
				A7A22866220604DB00081E0E /* MainGame.sks in Resources */,
				A7736AB42206025100A28B5D /* Main.storyboard in Resources */,
				A7A22869220604DB00081E0E /* Settings.sks in Resources */,
				A7A2285E220604D500081E0E /* Advertising01.sks in Resources */,
				A7A228CD2206050E00081E0E /* Assets.xcassets in Resources */,
				A7A22868220604DB00081E0E /* Main.sks in Resources */,
				A7A22867220604DB00081E0E /* Tutorial.sks in Resources */,
				A7A228D02206050E00081E0E /* ScoreParticle.sks in Resources */,
			);
			runOnlyForDeploymentPostprocessing = 0;
		};
		A7736AB82206025100A28B5D /* Resources */ = {
			isa = PBXResourcesBuildPhase;
			buildActionMask = 2147483647;
			files = (
				A7A2286A220604DC00081E0E /* MainGame.sks in Resources */,
				A7736AC22206025200A28B5D /* Main.storyboard in Resources */,
				A7A2286D220604DC00081E0E /* Settings.sks in Resources */,
				A7A22861220604D600081E0E /* Advertising01.sks in Resources */,
				A7A228D22206050E00081E0E /* Assets.xcassets in Resources */,
				A7A2286C220604DC00081E0E /* Main.sks in Resources */,
				A7A2286B220604DC00081E0E /* Tutorial.sks in Resources */,
				A7A228D52206050E00081E0E /* ScoreParticle.sks in Resources */,
			);
			runOnlyForDeploymentPostprocessing = 0;
		};
/* End PBXResourcesBuildPhase section */

/* Begin PBXSourcesBuildPhase section */
		A7736A972206025100A28B5D /* Sources */ = {
			isa = PBXSourcesBuildPhase;
			buildActionMask = 2147483647;
			files = (
				A7A228B0220604F600081E0E /* Level03.swift in Sources */,
				A7A228AD220604F600081E0E /* Level.swift in Sources */,
				A7A22880220604E700081E0E /* InfoBox.swift in Sources */,
				A7A22884220604E700081E0E /* World.swift in Sources */,
				A7A2286E220604E000081E0E /* Main.swift in Sources */,
				A7A2287F220604E700081E0E /* Tutorial.swift in Sources */,
				A7A228CA2206050E00081E0E /* SpriteNodeExtensions.swift in Sources */,
				A7A228B3220604F600081E0E /* Level06.swift in Sources */,
				A7A228AE220604F600081E0E /* Level01.swift in Sources */,
				A7A228AF220604F600081E0E /* Level02.swift in Sources */,
				A7A2287D220604E700081E0E /* Game.swift in Sources */,
				A7A22881220604E700081E0E /* Player.swift in Sources */,
				A7A2286F220604E000081E0E /* Button.swift in Sources */,
				A7A2287E220604E700081E0E /* MainGame.swift in Sources */,
				A7A22885220604E700081E0E /* Camera.swift in Sources */,
				A7A228A4220604EE00081E0E /* Platform.swift in Sources */,
				A7A228B1220604F600081E0E /* Level04.swift in Sources */,
				A7A228B5220604F600081E0E /* Level08.swift in Sources */,
				A7A22883220604E700081E0E /* NodeZOrder.swift in Sources */,
				A7A228B4220604F600081E0E /* Level07.swift in Sources */,
				A7A22871220604E000081E0E /* Overlay.swift in Sources */,
				A7A22882220604E700081E0E /* NodeCategories.swift in Sources */,
				A7A228A6220604EE00081E0E /* Coin.swift in Sources */,
				A7A228A5220604EE00081E0E /* PlatformEndLevel.swift in Sources */,
				A7A228B2220604F600081E0E /* Level05.swift in Sources */,
				A7A2285A220604D500081E0E /* Advertising.swift in Sources */,
				A7A22887220604E700081E0E /* OverlayPause.swift in Sources */,
				A7736AA02206025100A28B5D /* GameViewController.swift in Sources */,
				A7A22872220604E000081E0E /* OverlayMain.swift in Sources */,
				A7A228CC2206050E00081E0E /* Config.swift in Sources */,
				A7A22886220604E700081E0E /* OverlayGameOver.swift in Sources */,
				A7A22889220604E700081E0E /* OverlayExtralife.swift in Sources */,
				A7A22870220604E000081E0E /* Settings.swift in Sources */,
				A7A22888220604E700081E0E /* ScoreParticle.swift in Sources */,
				A7A22859220604D500081E0E /* AdvertisingController.swift in Sources */,
				A7736A9E2206025100A28B5D /* AppDelegate.swift in Sources */,
			);
			runOnlyForDeploymentPostprocessing = 0;
		};
		A7736AA82206025100A28B5D /* Sources */ = {
			isa = PBXSourcesBuildPhase;
			buildActionMask = 2147483647;
			files = (
				A7A228B9220604F700081E0E /* Level03.swift in Sources */,
				A7A228B6220604F700081E0E /* Level.swift in Sources */,
				A7A2288D220604E800081E0E /* InfoBox.swift in Sources */,
				A7A22891220604E800081E0E /* World.swift in Sources */,
				A7A22873220604E100081E0E /* Main.swift in Sources */,
				A7A2288C220604E800081E0E /* Tutorial.swift in Sources */,
				A7A228CF2206050E00081E0E /* SpriteNodeExtensions.swift in Sources */,
				A7A228BC220604F700081E0E /* Level06.swift in Sources */,
				A7A228B7220604F700081E0E /* Level01.swift in Sources */,
				A7A228B8220604F700081E0E /* Level02.swift in Sources */,
				A7A2288A220604E800081E0E /* Game.swift in Sources */,
				A7A2288E220604E800081E0E /* Player.swift in Sources */,
				A7A22874220604E100081E0E /* Button.swift in Sources */,
				A7A2288B220604E800081E0E /* MainGame.swift in Sources */,
				A7A22892220604E800081E0E /* Camera.swift in Sources */,
				A7A228A7220604EF00081E0E /* Platform.swift in Sources */,
				A7A228BA220604F700081E0E /* Level04.swift in Sources */,
				A7A228BE220604F700081E0E /* Level08.swift in Sources */,
				A7A22890220604E800081E0E /* NodeZOrder.swift in Sources */,
				A7A228BD220604F700081E0E /* Level07.swift in Sources */,
				A7A22876220604E100081E0E /* Overlay.swift in Sources */,
				A7A2288F220604E800081E0E /* NodeCategories.swift in Sources */,
				A7A228A9220604EF00081E0E /* Coin.swift in Sources */,
				A7A228A8220604EF00081E0E /* PlatformEndLevel.swift in Sources */,
				A7A228BB220604F700081E0E /* Level05.swift in Sources */,
				A7A2285D220604D500081E0E /* Advertising.swift in Sources */,
				A7A22894220604E800081E0E /* OverlayPause.swift in Sources */,
				A7736AB12206025100A28B5D /* GameViewController.swift in Sources */,
				A7A22877220604E100081E0E /* OverlayMain.swift in Sources */,
				A7A228D12206050E00081E0E /* Config.swift in Sources */,
				A7A22893220604E800081E0E /* OverlayGameOver.swift in Sources */,
				A7A22896220604E800081E0E /* OverlayExtralife.swift in Sources */,
				A7A22875220604E100081E0E /* Settings.swift in Sources */,
				A7A22895220604E800081E0E /* ScoreParticle.swift in Sources */,
				A7A2285C220604D500081E0E /* AdvertisingController.swift in Sources */,
				A7736AAF2206025100A28B5D /* AppDelegate.swift in Sources */,
			);
			runOnlyForDeploymentPostprocessing = 0;
		};
		A7736AB62206025100A28B5D /* Sources */ = {
			isa = PBXSourcesBuildPhase;
			buildActionMask = 2147483647;
			files = (
				A7A228C2220604F700081E0E /* Level03.swift in Sources */,
				A7A228BF220604F700081E0E /* Level.swift in Sources */,
				A7A2289A220604E800081E0E /* InfoBox.swift in Sources */,
				A7A2289E220604E800081E0E /* World.swift in Sources */,
				A7A22878220604E100081E0E /* Main.swift in Sources */,
				A7A22899220604E800081E0E /* Tutorial.swift in Sources */,
				A7A228D42206050E00081E0E /* SpriteNodeExtensions.swift in Sources */,
				A7A228C5220604F700081E0E /* Level06.swift in Sources */,
				A7A228C0220604F700081E0E /* Level01.swift in Sources */,
				A7A228C1220604F700081E0E /* Level02.swift in Sources */,
				A7A22897220604E800081E0E /* Game.swift in Sources */,
				A7A2289B220604E800081E0E /* Player.swift in Sources */,
				A7A22879220604E100081E0E /* Button.swift in Sources */,
				A7A22898220604E800081E0E /* MainGame.swift in Sources */,
				A7A2289F220604E800081E0E /* Camera.swift in Sources */,
				A7A228AA220604EF00081E0E /* Platform.swift in Sources */,
				A7A228C3220604F700081E0E /* Level04.swift in Sources */,
				A7A228C7220604F700081E0E /* Level08.swift in Sources */,
				A7A2289D220604E800081E0E /* NodeZOrder.swift in Sources */,
				A7A228C6220604F700081E0E /* Level07.swift in Sources */,
				A7A2287B220604E100081E0E /* Overlay.swift in Sources */,
				A7A2289C220604E800081E0E /* NodeCategories.swift in Sources */,
				A7A228AC220604EF00081E0E /* Coin.swift in Sources */,
				A7A228AB220604EF00081E0E /* PlatformEndLevel.swift in Sources */,
				A7A228C4220604F700081E0E /* Level05.swift in Sources */,
				A7A22860220604D600081E0E /* Advertising.swift in Sources */,
				A7A228A1220604E800081E0E /* OverlayPause.swift in Sources */,
				A7736ABF2206025200A28B5D /* GameViewController.swift in Sources */,
				A7A2287C220604E100081E0E /* OverlayMain.swift in Sources */,
				A7A228D62206050E00081E0E /* Config.swift in Sources */,
				A7A228A0220604E800081E0E /* OverlayGameOver.swift in Sources */,
				A7A228A3220604E800081E0E /* OverlayExtralife.swift in Sources */,
				A7A2287A220604E100081E0E /* Settings.swift in Sources */,
				A7A228A2220604E800081E0E /* ScoreParticle.swift in Sources */,
				A7A2285F220604D600081E0E /* AdvertisingController.swift in Sources */,
				A7736ABD2206025200A28B5D /* AppDelegate.swift in Sources */,
			);
			runOnlyForDeploymentPostprocessing = 0;
		};
/* End PBXSourcesBuildPhase section */

/* Begin PBXVariantGroup section */
		A7736AA12206025100A28B5D /* Main.storyboard */ = {
			isa = PBXVariantGroup;
			children = (
				A7736AA22206025100A28B5D /* Base */,
			);
			name = Main.storyboard;
			sourceTree = "<group>";
		};
		A7736AA42206025100A28B5D /* LaunchScreen.storyboard */ = {
			isa = PBXVariantGroup;
			children = (
				A7736AA52206025100A28B5D /* Base */,
			);
			name = LaunchScreen.storyboard;
			sourceTree = "<group>";
		};
		A7736AB22206025100A28B5D /* Main.storyboard */ = {
			isa = PBXVariantGroup;
			children = (
				A7736AB32206025100A28B5D /* Base */,
			);
			name = Main.storyboard;
			sourceTree = "<group>";
		};
		A7736AC02206025200A28B5D /* Main.storyboard */ = {
			isa = PBXVariantGroup;
			children = (
				A7736AC12206025200A28B5D /* Base */,
			);
			name = Main.storyboard;
			sourceTree = "<group>";
		};
/* End PBXVariantGroup section */

/* Begin XCBuildConfiguration section */
		A7736AD12206025200A28B5D /* Debug */ = {
			isa = XCBuildConfiguration;
			buildSettings = {
				ASSETCATALOG_COMPILER_APPICON_NAME = AppIcon;
				CLANG_CXX_LANGUAGE_STANDARD = "gnu++14";
				CLANG_ENABLE_OBJC_WEAK = YES;
				CLANG_WARN_UNGUARDED_AVAILABILITY = YES_AGGRESSIVE;
				CODE_SIGN_IDENTITY = "iPhone Developer";
				CODE_SIGN_STYLE = Automatic;
				DEVELOPMENT_TEAM = CR6FRMMTU7;
				GCC_C_LANGUAGE_STANDARD = gnu11;
				INFOPLIST_FILE = "TowerJump iOS/Info.plist";
				IPHONEOS_DEPLOYMENT_TARGET = 12.1;
				LD_RUNPATH_SEARCH_PATHS = "$(inherited) @executable_path/Frameworks";
				MTL_ENABLE_DEBUG_INFO = INCLUDE_SOURCE;
				MTL_FAST_MATH = YES;
				PRODUCT_BUNDLE_IDENTIFIER = "Oliver-Brehm.TowerJump";
				PRODUCT_NAME = TowerJump;
				SDKROOT = iphoneos;
				SWIFT_VERSION = 4.2;
				TARGETED_DEVICE_FAMILY = "1,2";
			};
			name = Debug;
		};
		A7736AD22206025200A28B5D /* Release */ = {
			isa = XCBuildConfiguration;
			buildSettings = {
				ASSETCATALOG_COMPILER_APPICON_NAME = AppIcon;
				CLANG_CXX_LANGUAGE_STANDARD = "gnu++14";
				CLANG_ENABLE_OBJC_WEAK = YES;
				CLANG_WARN_UNGUARDED_AVAILABILITY = YES_AGGRESSIVE;
				CODE_SIGN_IDENTITY = "iPhone Developer";
				CODE_SIGN_STYLE = Automatic;
				DEVELOPMENT_TEAM = CR6FRMMTU7;
				GCC_C_LANGUAGE_STANDARD = gnu11;
				INFOPLIST_FILE = "TowerJump iOS/Info.plist";
				IPHONEOS_DEPLOYMENT_TARGET = 12.1;
				LD_RUNPATH_SEARCH_PATHS = "$(inherited) @executable_path/Frameworks";
				MTL_FAST_MATH = YES;
				PRODUCT_BUNDLE_IDENTIFIER = "Oliver-Brehm.TowerJump";
				PRODUCT_NAME = TowerJump;
				SDKROOT = iphoneos;
				SWIFT_VERSION = 4.2;
				TARGETED_DEVICE_FAMILY = "1,2";
				VALIDATE_PRODUCT = YES;
			};
			name = Release;
		};
		A7736AD42206025200A28B5D /* Debug */ = {
			isa = XCBuildConfiguration;
			buildSettings = {
				ASSETCATALOG_COMPILER_APPICON_NAME = "tvOS App Icon & Top Shelf Image";
				ASSETCATALOG_COMPILER_LAUNCHIMAGE_NAME = "tvOS LaunchImage";
				CLANG_CXX_LANGUAGE_STANDARD = "gnu++14";
				CLANG_ENABLE_OBJC_WEAK = YES;
				CLANG_WARN_UNGUARDED_AVAILABILITY = YES_AGGRESSIVE;
				CODE_SIGN_STYLE = Automatic;
				DEVELOPMENT_TEAM = CR6FRMMTU7;
				GCC_C_LANGUAGE_STANDARD = gnu11;
				INFOPLIST_FILE = "TowerJump tvOS/Info.plist";
				LD_RUNPATH_SEARCH_PATHS = "$(inherited) @executable_path/Frameworks";
				MTL_ENABLE_DEBUG_INFO = INCLUDE_SOURCE;
				MTL_FAST_MATH = YES;
				PRODUCT_BUNDLE_IDENTIFIER = "Oliver-Brehm.TowerJump";
				PRODUCT_NAME = TowerJump;
				SDKROOT = appletvos;
				SWIFT_VERSION = 4.2;
				TARGETED_DEVICE_FAMILY = 3;
				TVOS_DEPLOYMENT_TARGET = 12.1;
			};
			name = Debug;
		};
		A7736AD52206025200A28B5D /* Release */ = {
			isa = XCBuildConfiguration;
			buildSettings = {
				ASSETCATALOG_COMPILER_APPICON_NAME = "tvOS App Icon & Top Shelf Image";
				ASSETCATALOG_COMPILER_LAUNCHIMAGE_NAME = "tvOS LaunchImage";
				CLANG_CXX_LANGUAGE_STANDARD = "gnu++14";
				CLANG_ENABLE_OBJC_WEAK = YES;
				CLANG_WARN_UNGUARDED_AVAILABILITY = YES_AGGRESSIVE;
				CODE_SIGN_STYLE = Automatic;
				DEVELOPMENT_TEAM = CR6FRMMTU7;
				GCC_C_LANGUAGE_STANDARD = gnu11;
				INFOPLIST_FILE = "TowerJump tvOS/Info.plist";
				LD_RUNPATH_SEARCH_PATHS = "$(inherited) @executable_path/Frameworks";
				MTL_FAST_MATH = YES;
				PRODUCT_BUNDLE_IDENTIFIER = "Oliver-Brehm.TowerJump";
				PRODUCT_NAME = TowerJump;
				SDKROOT = appletvos;
				SWIFT_VERSION = 4.2;
				TARGETED_DEVICE_FAMILY = 3;
				TVOS_DEPLOYMENT_TARGET = 12.1;
				VALIDATE_PRODUCT = YES;
			};
			name = Release;
		};
		A7736AD72206025200A28B5D /* Debug */ = {
			isa = XCBuildConfiguration;
			buildSettings = {
				ASSETCATALOG_COMPILER_APPICON_NAME = AppIcon;
				CLANG_CXX_LANGUAGE_STANDARD = "gnu++14";
				CLANG_ENABLE_OBJC_WEAK = YES;
				CLANG_WARN_UNGUARDED_AVAILABILITY = YES_AGGRESSIVE;
				CODE_SIGN_IDENTITY = "-";
				CODE_SIGN_STYLE = Automatic;
				COMBINE_HIDPI_IMAGES = YES;
				DEVELOPMENT_TEAM = CR6FRMMTU7;
				GCC_C_LANGUAGE_STANDARD = gnu11;
				INFOPLIST_FILE = "TowerJump macOS/Info.plist";
				LD_RUNPATH_SEARCH_PATHS = "$(inherited) @executable_path/../Frameworks";
				MACOSX_DEPLOYMENT_TARGET = 10.13;
				MTL_ENABLE_DEBUG_INFO = INCLUDE_SOURCE;
				MTL_FAST_MATH = YES;
				PRODUCT_BUNDLE_IDENTIFIER = "Oliver-Brehm.TowerJump";
				PRODUCT_NAME = TowerJump;
				SDKROOT = macosx;
				SWIFT_VERSION = 4.2;
			};
			name = Debug;
		};
		A7736AD82206025200A28B5D /* Release */ = {
			isa = XCBuildConfiguration;
			buildSettings = {
				ASSETCATALOG_COMPILER_APPICON_NAME = AppIcon;
				CLANG_CXX_LANGUAGE_STANDARD = "gnu++14";
				CLANG_ENABLE_OBJC_WEAK = YES;
				CLANG_WARN_UNGUARDED_AVAILABILITY = YES_AGGRESSIVE;
				CODE_SIGN_IDENTITY = "-";
				CODE_SIGN_STYLE = Automatic;
				COMBINE_HIDPI_IMAGES = YES;
				DEVELOPMENT_TEAM = CR6FRMMTU7;
				GCC_C_LANGUAGE_STANDARD = gnu11;
				INFOPLIST_FILE = "TowerJump macOS/Info.plist";
				LD_RUNPATH_SEARCH_PATHS = "$(inherited) @executable_path/../Frameworks";
				MACOSX_DEPLOYMENT_TARGET = 10.13;
				MTL_FAST_MATH = YES;
				PRODUCT_BUNDLE_IDENTIFIER = "Oliver-Brehm.TowerJump";
				PRODUCT_NAME = TowerJump;
				SDKROOT = macosx;
				SWIFT_VERSION = 4.2;
			};
			name = Release;
		};
		A7797EFC20E2A89200E3B664 /* Debug */ = {
			isa = XCBuildConfiguration;
			buildSettings = {
				ALWAYS_SEARCH_USER_PATHS = NO;
				CLANG_ANALYZER_NONNULL = YES;
				CLANG_ANALYZER_NUMBER_OBJECT_CONVERSION = YES_AGGRESSIVE;
				CLANG_CXX_LANGUAGE_STANDARD = "gnu++0x";
				CLANG_CXX_LIBRARY = "libc++";
				CLANG_ENABLE_MODULES = YES;
				CLANG_ENABLE_OBJC_ARC = YES;
				CLANG_WARN_BLOCK_CAPTURE_AUTORELEASING = YES;
				CLANG_WARN_BOOL_CONVERSION = YES;
				CLANG_WARN_COMMA = YES;
				CLANG_WARN_CONSTANT_CONVERSION = YES;
				CLANG_WARN_DEPRECATED_OBJC_IMPLEMENTATIONS = YES;
				CLANG_WARN_DIRECT_OBJC_ISA_USAGE = YES_ERROR;
				CLANG_WARN_DOCUMENTATION_COMMENTS = YES;
				CLANG_WARN_EMPTY_BODY = YES;
				CLANG_WARN_ENUM_CONVERSION = YES;
				CLANG_WARN_INFINITE_RECURSION = YES;
				CLANG_WARN_INT_CONVERSION = YES;
				CLANG_WARN_NON_LITERAL_NULL_CONVERSION = YES;
				CLANG_WARN_OBJC_IMPLICIT_RETAIN_SELF = YES;
				CLANG_WARN_OBJC_LITERAL_CONVERSION = YES;
				CLANG_WARN_OBJC_ROOT_CLASS = YES_ERROR;
				CLANG_WARN_RANGE_LOOP_ANALYSIS = YES;
				CLANG_WARN_STRICT_PROTOTYPES = YES;
				CLANG_WARN_SUSPICIOUS_MOVE = YES;
				CLANG_WARN_UNREACHABLE_CODE = YES;
				CLANG_WARN__DUPLICATE_METHOD_MATCH = YES;
				CODE_SIGN_IDENTITY = "iPhone Developer";
				"CODE_SIGN_IDENTITY[sdk=iphoneos*]" = "iPhone Developer";
				COPY_PHASE_STRIP = NO;
				DEBUG_INFORMATION_FORMAT = dwarf;
				ENABLE_STRICT_OBJC_MSGSEND = YES;
				ENABLE_TESTABILITY = YES;
				GCC_C_LANGUAGE_STANDARD = gnu99;
				GCC_DYNAMIC_NO_PIC = NO;
				GCC_NO_COMMON_BLOCKS = YES;
				GCC_OPTIMIZATION_LEVEL = 0;
				GCC_PREPROCESSOR_DEFINITIONS = (
					"DEBUG=1",
					"$(inherited)",
				);
				GCC_WARN_64_TO_32_BIT_CONVERSION = YES;
				GCC_WARN_ABOUT_RETURN_TYPE = YES_ERROR;
				GCC_WARN_UNDECLARED_SELECTOR = YES;
				GCC_WARN_UNINITIALIZED_AUTOS = YES_AGGRESSIVE;
				GCC_WARN_UNUSED_FUNCTION = YES;
				GCC_WARN_UNUSED_VARIABLE = YES;
				IPHONEOS_DEPLOYMENT_TARGET = 10.3;
				MTL_ENABLE_DEBUG_INFO = YES;
				ONLY_ACTIVE_ARCH = YES;
				SDKROOT = iphoneos;
				SWIFT_ACTIVE_COMPILATION_CONDITIONS = DEBUG;
				SWIFT_OPTIMIZATION_LEVEL = "-Onone";
				TARGETED_DEVICE_FAMILY = "1,2";
			};
			name = Debug;
		};
		A7797EFD20E2A89200E3B664 /* Release */ = {
			isa = XCBuildConfiguration;
			buildSettings = {
				ALWAYS_SEARCH_USER_PATHS = NO;
				CLANG_ANALYZER_NONNULL = YES;
				CLANG_ANALYZER_NUMBER_OBJECT_CONVERSION = YES_AGGRESSIVE;
				CLANG_CXX_LANGUAGE_STANDARD = "gnu++0x";
				CLANG_CXX_LIBRARY = "libc++";
				CLANG_ENABLE_MODULES = YES;
				CLANG_ENABLE_OBJC_ARC = YES;
				CLANG_WARN_BLOCK_CAPTURE_AUTORELEASING = YES;
				CLANG_WARN_BOOL_CONVERSION = YES;
				CLANG_WARN_COMMA = YES;
				CLANG_WARN_CONSTANT_CONVERSION = YES;
				CLANG_WARN_DEPRECATED_OBJC_IMPLEMENTATIONS = YES;
				CLANG_WARN_DIRECT_OBJC_ISA_USAGE = YES_ERROR;
				CLANG_WARN_DOCUMENTATION_COMMENTS = YES;
				CLANG_WARN_EMPTY_BODY = YES;
				CLANG_WARN_ENUM_CONVERSION = YES;
				CLANG_WARN_INFINITE_RECURSION = YES;
				CLANG_WARN_INT_CONVERSION = YES;
				CLANG_WARN_NON_LITERAL_NULL_CONVERSION = YES;
				CLANG_WARN_OBJC_IMPLICIT_RETAIN_SELF = YES;
				CLANG_WARN_OBJC_LITERAL_CONVERSION = YES;
				CLANG_WARN_OBJC_ROOT_CLASS = YES_ERROR;
				CLANG_WARN_RANGE_LOOP_ANALYSIS = YES;
				CLANG_WARN_STRICT_PROTOTYPES = YES;
				CLANG_WARN_SUSPICIOUS_MOVE = YES;
				CLANG_WARN_UNREACHABLE_CODE = YES;
				CLANG_WARN__DUPLICATE_METHOD_MATCH = YES;
				CODE_SIGN_IDENTITY = "iPhone Developer";
				"CODE_SIGN_IDENTITY[sdk=iphoneos*]" = "iPhone Developer";
				COPY_PHASE_STRIP = NO;
				DEBUG_INFORMATION_FORMAT = "dwarf-with-dsym";
				ENABLE_NS_ASSERTIONS = NO;
				ENABLE_STRICT_OBJC_MSGSEND = YES;
				GCC_C_LANGUAGE_STANDARD = gnu99;
				GCC_NO_COMMON_BLOCKS = YES;
				GCC_WARN_64_TO_32_BIT_CONVERSION = YES;
				GCC_WARN_ABOUT_RETURN_TYPE = YES_ERROR;
				GCC_WARN_UNDECLARED_SELECTOR = YES;
				GCC_WARN_UNINITIALIZED_AUTOS = YES_AGGRESSIVE;
				GCC_WARN_UNUSED_FUNCTION = YES;
				GCC_WARN_UNUSED_VARIABLE = YES;
				IPHONEOS_DEPLOYMENT_TARGET = 10.3;
				MTL_ENABLE_DEBUG_INFO = NO;
				SDKROOT = iphoneos;
				SWIFT_OPTIMIZATION_LEVEL = "-Owholemodule";
				TARGETED_DEVICE_FAMILY = "1,2";
				VALIDATE_PRODUCT = YES;
			};
			name = Release;
		};
/* End XCBuildConfiguration section */

/* Begin XCConfigurationList section */
		A7736AD02206025200A28B5D /* Build configuration list for PBXNativeTarget "TowerJump iOS" */ = {
			isa = XCConfigurationList;
			buildConfigurations = (
				A7736AD12206025200A28B5D /* Debug */,
				A7736AD22206025200A28B5D /* Release */,
			);
			defaultConfigurationIsVisible = 0;
			defaultConfigurationName = Release;
		};
		A7736AD32206025200A28B5D /* Build configuration list for PBXNativeTarget "TowerJump tvOS" */ = {
			isa = XCConfigurationList;
			buildConfigurations = (
				A7736AD42206025200A28B5D /* Debug */,
				A7736AD52206025200A28B5D /* Release */,
			);
			defaultConfigurationIsVisible = 0;
			defaultConfigurationName = Release;
		};
		A7736AD62206025200A28B5D /* Build configuration list for PBXNativeTarget "TowerJump macOS" */ = {
			isa = XCConfigurationList;
			buildConfigurations = (
				A7736AD72206025200A28B5D /* Debug */,
				A7736AD82206025200A28B5D /* Release */,
			);
			defaultConfigurationIsVisible = 0;
			defaultConfigurationName = Release;
		};
		A7797EE120E2A89200E3B664 /* Build configuration list for PBXProject "TowerJump" */ = {
			isa = XCConfigurationList;
			buildConfigurations = (
				A7797EFC20E2A89200E3B664 /* Debug */,
				A7797EFD20E2A89200E3B664 /* Release */,
			);
			defaultConfigurationIsVisible = 0;
			defaultConfigurationName = Release;
		};
/* End XCConfigurationList section */
	};
	rootObject = A7797EDE20E2A89200E3B664 /* Project object */;
}
